// !$*UTF8*$!
{
	archiveVersion = 1;
	classes = {
	};
	objectVersion = 56;
	objects = {

/* Begin PBXBuildFile section */
		86FBA8B02C2159DD009954FA /* Saturday_LeagueApp.swift in Sources */ = {isa = PBXBuildFile; fileRef = 86FBA8AF2C2159DD009954FA /* Saturday_LeagueApp.swift */; };
		86FBA8B22C2159DD009954FA /* ContentView.swift in Sources */ = {isa = PBXBuildFile; fileRef = 86FBA8B12C2159DD009954FA /* ContentView.swift */; };
		86FBA8B42C2159DE009954FA /* Assets.xcassets in Resources */ = {isa = PBXBuildFile; fileRef = 86FBA8B32C2159DE009954FA /* Assets.xcassets */; };
		86FBA8B72C2159DE009954FA /* Preview Assets.xcassets in Resources */ = {isa = PBXBuildFile; fileRef = 86FBA8B62C2159DE009954FA /* Preview Assets.xcassets */; };
		86FBA8BE2C215B1D009954FA /* Team.swift in Sources */ = {isa = PBXBuildFile; fileRef = 86FBA8BD2C215B1D009954FA /* Team.swift */; };
		86FBA8C02C21605C009954FA /* Match.swift in Sources */ = {isa = PBXBuildFile; fileRef = 86FBA8BF2C21605C009954FA /* Match.swift */; };
		86FBA8C22C21724C009954FA /* GoogleService-Info.plist in Resources */ = {isa = PBXBuildFile; fileRef = 86FBA8C12C21724C009954FA /* GoogleService-Info.plist */; };
		86FBA8C62C21764D009954FA /* FirebaseAnalytics in Frameworks */ = {isa = PBXBuildFile; productRef = 86FBA8C52C21764D009954FA /* FirebaseAnalytics */; };
		86FBA8C82C21783E009954FA /* FirestoreManager.swift in Sources */ = {isa = PBXBuildFile; fileRef = 86FBA8C72C21783E009954FA /* FirestoreManager.swift */; };
		86FBA8CA2C2179E1009954FA /* FirebaseFirestore in Frameworks */ = {isa = PBXBuildFile; productRef = 86FBA8C92C2179E1009954FA /* FirebaseFirestore */; };
/* End PBXBuildFile section */

/* Begin PBXFileReference section */
		86FBA8AC2C2159DD009954FA /* Saturday League.app */ = {isa = PBXFileReference; explicitFileType = wrapper.application; includeInIndex = 0; path = "Saturday League.app"; sourceTree = BUILT_PRODUCTS_DIR; };
		86FBA8AF2C2159DD009954FA /* Saturday_LeagueApp.swift */ = {isa = PBXFileReference; lastKnownFileType = sourcecode.swift; path = Saturday_LeagueApp.swift; sourceTree = "<group>"; };
		86FBA8B12C2159DD009954FA /* ContentView.swift */ = {isa = PBXFileReference; lastKnownFileType = sourcecode.swift; path = ContentView.swift; sourceTree = "<group>"; };
		86FBA8B32C2159DE009954FA /* Assets.xcassets */ = {isa = PBXFileReference; lastKnownFileType = folder.assetcatalog; path = Assets.xcassets; sourceTree = "<group>"; };
		86FBA8B62C2159DE009954FA /* Preview Assets.xcassets */ = {isa = PBXFileReference; lastKnownFileType = folder.assetcatalog; path = "Preview Assets.xcassets"; sourceTree = "<group>"; };
		86FBA8BD2C215B1D009954FA /* Team.swift */ = {isa = PBXFileReference; lastKnownFileType = sourcecode.swift; path = Team.swift; sourceTree = "<group>"; };
		86FBA8BF2C21605C009954FA /* Match.swift */ = {isa = PBXFileReference; lastKnownFileType = sourcecode.swift; path = Match.swift; sourceTree = "<group>"; };
		86FBA8C12C21724C009954FA /* GoogleService-Info.plist */ = {isa = PBXFileReference; fileEncoding = 4; lastKnownFileType = text.plist.xml; path = "GoogleService-Info.plist"; sourceTree = "<group>"; };
		86FBA8C72C21783E009954FA /* FirestoreManager.swift */ = {isa = PBXFileReference; lastKnownFileType = sourcecode.swift; path = FirestoreManager.swift; sourceTree = "<group>"; };
/* End PBXFileReference section */

/* Begin PBXFrameworksBuildPhase section */
		86FBA8A92C2159DD009954FA /* Frameworks */ = {
			isa = PBXFrameworksBuildPhase;
			buildActionMask = 2147483647;
			files = (
				86FBA8C62C21764D009954FA /* FirebaseAnalytics in Frameworks */,
				86FBA8CA2C2179E1009954FA /* FirebaseFirestore in Frameworks */,
			);
			runOnlyForDeploymentPostprocessing = 0;
		};
/* End PBXFrameworksBuildPhase section */

/* Begin PBXGroup section */
		86FBA8A32C2159DD009954FA = {
			isa = PBXGroup;
			children = (
				86FBA8AE2C2159DD009954FA /* Saturday League */,
				86FBA8AD2C2159DD009954FA /* Products */,
				86FBA8C42C217553009954FA /* Frameworks */,
			);
			sourceTree = "<group>";
		};
		86FBA8AD2C2159DD009954FA /* Products */ = {
			isa = PBXGroup;
			children = (
				86FBA8AC2C2159DD009954FA /* Saturday League.app */,
			);
			name = Products;
			sourceTree = "<group>";
		};
		86FBA8AE2C2159DD009954FA /* Saturday League */ = {
			isa = PBXGroup;
			children = (
				86FBA8AF2C2159DD009954FA /* Saturday_LeagueApp.swift */,
				86FBA8B12C2159DD009954FA /* ContentView.swift */,
				86FBA8B32C2159DE009954FA /* Assets.xcassets */,
				86FBA8C12C21724C009954FA /* GoogleService-Info.plist */,
				86FBA8B52C2159DE009954FA /* Preview Content */,
				86FBA8BD2C215B1D009954FA /* Team.swift */,
				86FBA8BF2C21605C009954FA /* Match.swift */,
				86FBA8C72C21783E009954FA /* FirestoreManager.swift */,
			);
			path = "Saturday League";
			sourceTree = "<group>";
		};
		86FBA8B52C2159DE009954FA /* Preview Content */ = {
			isa = PBXGroup;
			children = (
				86FBA8B62C2159DE009954FA /* Preview Assets.xcassets */,
			);
			path = "Preview Content";
			sourceTree = "<group>";
		};
		86FBA8C42C217553009954FA /* Frameworks */ = {
			isa = PBXGroup;
			children = (
			);
			name = Frameworks;
			sourceTree = "<group>";
		};
/* End PBXGroup section */

/* Begin PBXNativeTarget section */
		86FBA8AB2C2159DD009954FA /* Saturday League */ = {
			isa = PBXNativeTarget;
			buildConfigurationList = 86FBA8BA2C2159DE009954FA /* Build configuration list for PBXNativeTarget "Saturday League" */;
			buildPhases = (
				86FBA8A82C2159DD009954FA /* Sources */,
				86FBA8A92C2159DD009954FA /* Frameworks */,
				86FBA8AA2C2159DD009954FA /* Resources */,
			);
			buildRules = (
			);
			dependencies = (
			);
			name = "Saturday League";
			packageProductDependencies = (
				86FBA8C52C21764D009954FA /* FirebaseAnalytics */,
				86FBA8C92C2179E1009954FA /* FirebaseFirestore */,
			);
			productName = "Saturday League";
			productReference = 86FBA8AC2C2159DD009954FA /* Saturday League.app */;
			productType = "com.apple.product-type.application";
		};
/* End PBXNativeTarget section */

/* Begin PBXProject section */
		86FBA8A42C2159DD009954FA /* Project object */ = {
			isa = PBXProject;
			attributes = {
				BuildIndependentTargetsInParallel = 1;
				LastSwiftUpdateCheck = 1530;
				LastUpgradeCheck = 1530;
				TargetAttributes = {
					86FBA8AB2C2159DD009954FA = {
						CreatedOnToolsVersion = 15.3;
					};
				};
			};
			buildConfigurationList = 86FBA8A72C2159DD009954FA /* Build configuration list for PBXProject "Saturday League" */;
			compatibilityVersion = "Xcode 14.0";
			developmentRegion = en;
			hasScannedForEncodings = 0;
			knownRegions = (
				en,
				Base,
			);
			mainGroup = 86FBA8A32C2159DD009954FA;
			packageReferences = (
				86FBA8C32C217305009954FA /* XCRemoteSwiftPackageReference "firebase-ios-sdk" */,
			);
			productRefGroup = 86FBA8AD2C2159DD009954FA /* Products */;
			projectDirPath = "";
			projectRoot = "";
			targets = (
				86FBA8AB2C2159DD009954FA /* Saturday League */,
			);
		};
/* End PBXProject section */

/* Begin PBXResourcesBuildPhase section */
		86FBA8AA2C2159DD009954FA /* Resources */ = {
			isa = PBXResourcesBuildPhase;
			buildActionMask = 2147483647;
			files = (
				86FBA8B72C2159DE009954FA /* Preview Assets.xcassets in Resources */,
				86FBA8B42C2159DE009954FA /* Assets.xcassets in Resources */,
				86FBA8C22C21724C009954FA /* GoogleService-Info.plist in Resources */,
			);
			runOnlyForDeploymentPostprocessing = 0;
		};
/* End PBXResourcesBuildPhase section */

/* Begin PBXSourcesBuildPhase section */
		86FBA8A82C2159DD009954FA /* Sources */ = {
			isa = PBXSourcesBuildPhase;
			buildActionMask = 2147483647;
			files = (
				86FBA8BE2C215B1D009954FA /* Team.swift in Sources */,
				86FBA8C82C21783E009954FA /* FirestoreManager.swift in Sources */,
				86FBA8B22C2159DD009954FA /* ContentView.swift in Sources */,
				86FBA8B02C2159DD009954FA /* Saturday_LeagueApp.swift in Sources */,
				86FBA8C02C21605C009954FA /* Match.swift in Sources */,
			);
			runOnlyForDeploymentPostprocessing = 0;
		};
/* End PBXSourcesBuildPhase section */

/* Begin XCBuildConfiguration section */
		86FBA8B82C2159DE009954FA /* Debug */ = {
			isa = XCBuildConfiguration;
			buildSettings = {
				ALWAYS_SEARCH_USER_PATHS = NO;
				ASSETCATALOG_COMPILER_GENERATE_SWIFT_ASSET_SYMBOL_EXTENSIONS = YES;
				CLANG_ANALYZER_NONNULL = YES;
				CLANG_ANALYZER_NUMBER_OBJECT_CONVERSION = YES_AGGRESSIVE;
				CLANG_CXX_LANGUAGE_STANDARD = "gnu++20";
				CLANG_ENABLE_MODULES = YES;
				CLANG_ENABLE_OBJC_ARC = YES;
				CLANG_ENABLE_OBJC_WEAK = YES;
				CLANG_WARN_BLOCK_CAPTURE_AUTORELEASING = YES;
				CLANG_WARN_BOOL_CONVERSION = YES;
				CLANG_WARN_COMMA = YES;
				CLANG_WARN_CONSTANT_CONVERSION = YES;
				CLANG_WARN_DEPRECATED_OBJC_IMPLEMENTATIONS = YES;
				CLANG_WARN_DIRECT_OBJC_ISA_USAGE = YES_ERROR;
				CLANG_WARN_DOCUMENTATION_COMMENTS = YES;
				CLANG_WARN_EMPTY_BODY = YES;
				CLANG_WARN_ENUM_CONVERSION = YES;
				CLANG_WARN_INFINITE_RECURSION = YES;
				CLANG_WARN_INT_CONVERSION = YES;
				CLANG_WARN_NON_LITERAL_NULL_CONVERSION = YES;
				CLANG_WARN_OBJC_IMPLICIT_RETAIN_SELF = YES;
				CLANG_WARN_OBJC_LITERAL_CONVERSION = YES;
				CLANG_WARN_OBJC_ROOT_CLASS = YES_ERROR;
				CLANG_WARN_QUOTED_INCLUDE_IN_FRAMEWORK_HEADER = YES;
				CLANG_WARN_RANGE_LOOP_ANALYSIS = YES;
				CLANG_WARN_STRICT_PROTOTYPES = YES;
				CLANG_WARN_SUSPICIOUS_MOVE = YES;
				CLANG_WARN_UNGUARDED_AVAILABILITY = YES_AGGRESSIVE;
				CLANG_WARN_UNREACHABLE_CODE = YES;
				CLANG_WARN__DUPLICATE_METHOD_MATCH = YES;
				COPY_PHASE_STRIP = NO;
				DEBUG_INFORMATION_FORMAT = dwarf;
				ENABLE_STRICT_OBJC_MSGSEND = YES;
				ENABLE_TESTABILITY = YES;
				ENABLE_USER_SCRIPT_SANDBOXING = YES;
				GCC_C_LANGUAGE_STANDARD = gnu17;
				GCC_DYNAMIC_NO_PIC = NO;
				GCC_NO_COMMON_BLOCKS = YES;
				GCC_OPTIMIZATION_LEVEL = 0;
				GCC_PREPROCESSOR_DEFINITIONS = (
					"DEBUG=1",
					"$(inherited)",
				);
				GCC_WARN_64_TO_32_BIT_CONVERSION = YES;
				GCC_WARN_ABOUT_RETURN_TYPE = YES_ERROR;
				GCC_WARN_UNDECLARED_SELECTOR = YES;
				GCC_WARN_UNINITIALIZED_AUTOS = YES_AGGRESSIVE;
				GCC_WARN_UNUSED_FUNCTION = YES;
				GCC_WARN_UNUSED_VARIABLE = YES;
				IPHONEOS_DEPLOYMENT_TARGET = 17.4;
				LOCALIZATION_PREFERS_STRING_CATALOGS = YES;
				MTL_ENABLE_DEBUG_INFO = INCLUDE_SOURCE;
				MTL_FAST_MATH = YES;
				ONLY_ACTIVE_ARCH = YES;
				SDKROOT = iphoneos;
				SWIFT_ACTIVE_COMPILATION_CONDITIONS = "DEBUG $(inherited)";
				SWIFT_OPTIMIZATION_LEVEL = "-Onone";
			};
			name = Debug;
		};
		86FBA8B92C2159DE009954FA /* Release */ = {
			isa = XCBuildConfiguration;
			buildSettings = {
				ALWAYS_SEARCH_USER_PATHS = NO;
				ASSETCATALOG_COMPILER_GENERATE_SWIFT_ASSET_SYMBOL_EXTENSIONS = YES;
				CLANG_ANALYZER_NONNULL = YES;
				CLANG_ANALYZER_NUMBER_OBJECT_CONVERSION = YES_AGGRESSIVE;
				CLANG_CXX_LANGUAGE_STANDARD = "gnu++20";
				CLANG_ENABLE_MODULES = YES;
				CLANG_ENABLE_OBJC_ARC = YES;
				CLANG_ENABLE_OBJC_WEAK = YES;
				CLANG_WARN_BLOCK_CAPTURE_AUTORELEASING = YES;
				CLANG_WARN_BOOL_CONVERSION = YES;
				CLANG_WARN_COMMA = YES;
				CLANG_WARN_CONSTANT_CONVERSION = YES;
				CLANG_WARN_DEPRECATED_OBJC_IMPLEMENTATIONS = YES;
				CLANG_WARN_DIRECT_OBJC_ISA_USAGE = YES_ERROR;
				CLANG_WARN_DOCUMENTATION_COMMENTS = YES;
				CLANG_WARN_EMPTY_BODY = YES;
				CLANG_WARN_ENUM_CONVERSION = YES;
				CLANG_WARN_INFINITE_RECURSION = YES;
				CLANG_WARN_INT_CONVERSION = YES;
				CLANG_WARN_NON_LITERAL_NULL_CONVERSION = YES;
				CLANG_WARN_OBJC_IMPLICIT_RETAIN_SELF = YES;
				CLANG_WARN_OBJC_LITERAL_CONVERSION = YES;
				CLANG_WARN_OBJC_ROOT_CLASS = YES_ERROR;
				CLANG_WARN_QUOTED_INCLUDE_IN_FRAMEWORK_HEADER = YES;
				CLANG_WARN_RANGE_LOOP_ANALYSIS = YES;
				CLANG_WARN_STRICT_PROTOTYPES = YES;
				CLANG_WARN_SUSPICIOUS_MOVE = YES;
				CLANG_WARN_UNGUARDED_AVAILABILITY = YES_AGGRESSIVE;
				CLANG_WARN_UNREACHABLE_CODE = YES;
				CLANG_WARN__DUPLICATE_METHOD_MATCH = YES;
				COPY_PHASE_STRIP = NO;
				DEBUG_INFORMATION_FORMAT = "dwarf-with-dsym";
				ENABLE_NS_ASSERTIONS = NO;
				ENABLE_STRICT_OBJC_MSGSEND = YES;
				ENABLE_USER_SCRIPT_SANDBOXING = YES;
				GCC_C_LANGUAGE_STANDARD = gnu17;
				GCC_NO_COMMON_BLOCKS = YES;
				GCC_WARN_64_TO_32_BIT_CONVERSION = YES;
				GCC_WARN_ABOUT_RETURN_TYPE = YES_ERROR;
				GCC_WARN_UNDECLARED_SELECTOR = YES;
				GCC_WARN_UNINITIALIZED_AUTOS = YES_AGGRESSIVE;
				GCC_WARN_UNUSED_FUNCTION = YES;
				GCC_WARN_UNUSED_VARIABLE = YES;
				IPHONEOS_DEPLOYMENT_TARGET = 17.4;
				LOCALIZATION_PREFERS_STRING_CATALOGS = YES;
				MTL_ENABLE_DEBUG_INFO = NO;
				MTL_FAST_MATH = YES;
				SDKROOT = iphoneos;
				SWIFT_COMPILATION_MODE = wholemodule;
				VALIDATE_PRODUCT = YES;
			};
			name = Release;
		};
		86FBA8BB2C2159DE009954FA /* Debug */ = {
			isa = XCBuildConfiguration;
			buildSettings = {
				ASSETCATALOG_COMPILER_APPICON_NAME = AppIcon;
				ASSETCATALOG_COMPILER_GLOBAL_ACCENT_COLOR_NAME = AccentColor;
				CODE_SIGN_STYLE = Automatic;
				CURRENT_PROJECT_VERSION = 1;
				DEVELOPMENT_ASSET_PATHS = "\"Saturday League/Preview Content\"";
				DEVELOPMENT_TEAM = NJPBMLUKW5;
				ENABLE_PREVIEWS = YES;
				GENERATE_INFOPLIST_FILE = YES;
				INFOPLIST_KEY_UIApplicationSceneManifest_Generation = YES;
				INFOPLIST_KEY_UIApplicationSupportsIndirectInputEvents = YES;
				INFOPLIST_KEY_UILaunchScreen_Generation = YES;
				INFOPLIST_KEY_UISupportedInterfaceOrientations_iPad = "UIInterfaceOrientationPortrait UIInterfaceOrientationPortraitUpsideDown UIInterfaceOrientationLandscapeLeft UIInterfaceOrientationLandscapeRight";
				INFOPLIST_KEY_UISupportedInterfaceOrientations_iPhone = "UIInterfaceOrientationPortrait UIInterfaceOrientationLandscapeLeft UIInterfaceOrientationLandscapeRight";
				LD_RUNPATH_SEARCH_PATHS = (
					"$(inherited)",
					"@executable_path/Frameworks",
				);
				MARKETING_VERSION = 1.0;
				PRODUCT_BUNDLE_IDENTIFIER = "com.sachin.Saturday-League";
				PRODUCT_NAME = "$(TARGET_NAME)";
				SWIFT_EMIT_LOC_STRINGS = YES;
				SWIFT_VERSION = 5.0;
				TARGETED_DEVICE_FAMILY = "1,2";
			};
			name = Debug;
		};
		86FBA8BC2C2159DE009954FA /* Release */ = {
			isa = XCBuildConfiguration;
			buildSettings = {
				ASSETCATALOG_COMPILER_APPICON_NAME = AppIcon;
				ASSETCATALOG_COMPILER_GLOBAL_ACCENT_COLOR_NAME = AccentColor;
				CODE_SIGN_STYLE = Automatic;
				CURRENT_PROJECT_VERSION = 1;
				DEVELOPMENT_ASSET_PATHS = "\"Saturday League/Preview Content\"";
				DEVELOPMENT_TEAM = NJPBMLUKW5;
				ENABLE_PREVIEWS = YES;
				GENERATE_INFOPLIST_FILE = YES;
				INFOPLIST_KEY_UIApplicationSceneManifest_Generation = YES;
				INFOPLIST_KEY_UIApplicationSupportsIndirectInputEvents = YES;
				INFOPLIST_KEY_UILaunchScreen_Generation = YES;
				INFOPLIST_KEY_UISupportedInterfaceOrientations_iPad = "UIInterfaceOrientationPortrait UIInterfaceOrientationPortraitUpsideDown UIInterfaceOrientationLandscapeLeft UIInterfaceOrientationLandscapeRight";
				INFOPLIST_KEY_UISupportedInterfaceOrientations_iPhone = "UIInterfaceOrientationPortrait UIInterfaceOrientationLandscapeLeft UIInterfaceOrientationLandscapeRight";
				LD_RUNPATH_SEARCH_PATHS = (
					"$(inherited)",
					"@executable_path/Frameworks",
				);
				MARKETING_VERSION = 1.0;
				PRODUCT_BUNDLE_IDENTIFIER = "com.sachin.Saturday-League";
				PRODUCT_NAME = "$(TARGET_NAME)";
				SWIFT_EMIT_LOC_STRINGS = YES;
				SWIFT_VERSION = 5.0;
				TARGETED_DEVICE_FAMILY = "1,2";
			};
			name = Release;
		};
/* End XCBuildConfiguration section */

/* Begin XCConfigurationList section */
		86FBA8A72C2159DD009954FA /* Build configuration list for PBXProject "Saturday League" */ = {
			isa = XCConfigurationList;
			buildConfigurations = (
				86FBA8B82C2159DE009954FA /* Debug */,
				86FBA8B92C2159DE009954FA /* Release */,
			);
			defaultConfigurationIsVisible = 0;
			defaultConfigurationName = Release;
		};
		86FBA8BA2C2159DE009954FA /* Build configuration list for PBXNativeTarget "Saturday League" */ = {
			isa = XCConfigurationList;
			buildConfigurations = (
				86FBA8BB2C2159DE009954FA /* Debug */,
				86FBA8BC2C2159DE009954FA /* Release */,
			);
			defaultConfigurationIsVisible = 0;
			defaultConfigurationName = Release;
		};
/* End XCConfigurationList section */

/* Begin XCRemoteSwiftPackageReference section */
		86FBA8C32C217305009954FA /* XCRemoteSwiftPackageReference "firebase-ios-sdk" */ = {
			isa = XCRemoteSwiftPackageReference;
			repositoryURL = "https://github.com/firebase/firebase-ios-sdk";
			requirement = {
				kind = upToNextMajorVersion;
				minimumVersion = 10.28.0;
			};
		};
/* End XCRemoteSwiftPackageReference section */

/* Begin XCSwiftPackageProductDependency section */
		86FBA8C52C21764D009954FA /* FirebaseAnalytics */ = {
			isa = XCSwiftPackageProductDependency;
			package = 86FBA8C32C217305009954FA /* XCRemoteSwiftPackageReference "firebase-ios-sdk" */;
			productName = FirebaseAnalytics;
		};
		86FBA8C92C2179E1009954FA /* FirebaseFirestore */ = {
			isa = XCSwiftPackageProductDependency;
			package = 86FBA8C32C217305009954FA /* XCRemoteSwiftPackageReference "firebase-ios-sdk" */;
			productName = FirebaseFirestore;
		};
/* End XCSwiftPackageProductDependency section */
	};
	rootObject = 86FBA8A42C2159DD009954FA /* Project object */;
}
